
Microsoft Visual Studio Solution File, Format Version 12.00
# Visual Studio Version 17
VisualStudioVersion = 17.13.35818.85 d17.13
MinimumVisualStudioVersion = 10.0.40219.1
Project("{FAE04EC0-301F-11D3-BF4B-00C04F79EFBC}") = "Assessmentc#", "Assessmentc#\Assessmentc#.csproj", "{FAB9B145-2DF1-4BD3-825A-9DF6338C37EF}"
EndProject
Global
	GlobalSection(SolutionConfigurationPlatforms) = preSolution
		Debug|Any CPU = Debug|Any CPU
		Release|Any CPU = Release|Any CPU
	EndGlobalSection
	GlobalSection(ProjectConfigurationPlatforms) = postSolution
		{FAB9B145-2DF1-4BD3-825A-9DF6338C37EF}.Debug|Any CPU.ActiveCfg = Debug|Any CPU
		{FAB9B145-2DF1-4BD3-825A-9DF6338C37EF}.Debug|Any CPU.Build.0 = Debug|Any CPU
		{FAB9B145-2DF1-4BD3-825A-9DF6338C37EF}.Release|Any CPU.ActiveCfg = Release|Any CPU
		{FAB9B145-2DF1-4BD3-825A-9DF6338C37EF}.Release|Any CPU.Build.0 = Release|Any CPU
	EndGlobalSection
	GlobalSection(SolutionProperties) = preSolution
		HideSolutionNode = FALSE
	EndGlobalSection
	GlobalSection(ExtensibilityGlobals) = postSolution
		SolutionGuid = {3471C273-DCD1-45F3-A41C-D80CF217F228}
	EndGlobalSection
EndGlobal
